
Microsoft Visual Studio Solution File, Format Version 12.00
# Visual Studio Version 16
VisualStudioVersion = 16.0.32002.261
MinimumVisualStudioVersion = 10.0.40219.1
Project("{FAE04EC0-301F-11D3-BF4B-00C04F79EFBC}") = "NewHealthApp", "NewHealthApp\NewHealthApp.csproj", "{8FA3BB2A-D247-40EC-9263-E7FD15450738}"
EndProject
Global
	GlobalSection(SolutionConfigurationPlatforms) = preSolution
		Debug|Any CPU = Debug|Any CPU
		Release|Any CPU = Release|Any CPU
	EndGlobalSection
	GlobalSection(ProjectConfigurationPlatforms) = postSolution
		{8FA3BB2A-D247-40EC-9263-E7FD15450738}.Debug|Any CPU.ActiveCfg = Debug|Any CPU
		{8FA3BB2A-D247-40EC-9263-E7FD15450738}.Debug|Any CPU.Build.0 = Debug|Any CPU
		{8FA3BB2A-D247-40EC-9263-E7FD15450738}.Release|Any CPU.ActiveCfg = Release|Any CPU
		{8FA3BB2A-D247-40EC-9263-E7FD15450738}.Release|Any CPU.Build.0 = Release|Any CPU
	EndGlobalSection
	GlobalSection(SolutionProperties) = preSolution
		HideSolutionNode = FALSE
	EndGlobalSection
	GlobalSection(ExtensibilityGlobals) = postSolution
		SolutionGuid = {54FDFC38-5A3D-424A-84AB-D9EDE5CD6C73}
	EndGlobalSection
EndGlobal
